
Microsoft Visual Studio Solution File, Format Version 12.00
# Visual Studio Version 17
VisualStudioVersion = 17.0.31912.275
MinimumVisualStudioVersion = 10.0.40219.1
Project("{9A19103F-16F7-4668-BE54-9A1E7A4F7556}") = "helmyStor", "helmyStor\helmyStor.csproj", "{76E6AAE6-8BED-4661-8E5A-F66EDE592E38}"
EndProject
Project("{2150E333-8FDC-42A3-9474-1A3956D46DE8}") = "Solution Items", "Solution Items", "{99E8E695-B161-4006-9C91-4531423AB0D6}"
	ProjectSection(SolutionItems) = preProject
		.editorconfig = .editorconfig
	EndProjectSection
EndProject
Project("{FAE04EC0-301F-11D3-BF4B-00C04F79EFBC}") = "Domains", "Domains\Domains.csproj", "{DD41B7F3-EC6D-4007-B1E2-F35EDB6D5E8C}"
EndProject
Project("{FAE04EC0-301F-11D3-BF4B-00C04F79EFBC}") = "BL", "BL\BL.csproj", "{95E24003-3AAC-4F63-875C-200511885B02}"
EndProject
Global
	GlobalSection(SolutionConfigurationPlatforms) = preSolution
		Debug|Any CPU = Debug|Any CPU
		Release|Any CPU = Release|Any CPU
	EndGlobalSection
	GlobalSection(ProjectConfigurationPlatforms) = postSolution
		{76E6AAE6-8BED-4661-8E5A-F66EDE592E38}.Debug|Any CPU.ActiveCfg = Debug|Any CPU
		{76E6AAE6-8BED-4661-8E5A-F66EDE592E38}.Debug|Any CPU.Build.0 = Debug|Any CPU
		{76E6AAE6-8BED-4661-8E5A-F66EDE592E38}.Release|Any CPU.ActiveCfg = Release|Any CPU
		{76E6AAE6-8BED-4661-8E5A-F66EDE592E38}.Release|Any CPU.Build.0 = Release|Any CPU
		{DD41B7F3-EC6D-4007-B1E2-F35EDB6D5E8C}.Debug|Any CPU.ActiveCfg = Debug|Any CPU
		{DD41B7F3-EC6D-4007-B1E2-F35EDB6D5E8C}.Debug|Any CPU.Build.0 = Debug|Any CPU
		{DD41B7F3-EC6D-4007-B1E2-F35EDB6D5E8C}.Release|Any CPU.ActiveCfg = Release|Any CPU
		{DD41B7F3-EC6D-4007-B1E2-F35EDB6D5E8C}.Release|Any CPU.Build.0 = Release|Any CPU
		{95E24003-3AAC-4F63-875C-200511885B02}.Debug|Any CPU.ActiveCfg = Debug|Any CPU
		{95E24003-3AAC-4F63-875C-200511885B02}.Debug|Any CPU.Build.0 = Debug|Any CPU
		{95E24003-3AAC-4F63-875C-200511885B02}.Release|Any CPU.ActiveCfg = Release|Any CPU
		{95E24003-3AAC-4F63-875C-200511885B02}.Release|Any CPU.Build.0 = Release|Any CPU
	EndGlobalSection
	GlobalSection(SolutionProperties) = preSolution
		HideSolutionNode = FALSE
	EndGlobalSection
	GlobalSection(ExtensibilityGlobals) = postSolution
		SolutionGuid = {4357976D-75EE-4D49-8536-EB0100191EEB}
	EndGlobalSection
EndGlobal
